
Microsoft Visual Studio Solution File, Format Version 12.00
# Visual Studio Version 17
VisualStudioVersion = 17.4.33213.308
MinimumVisualStudioVersion = 10.0.40219.1
Project("{FAE04EC0-301F-11D3-BF4B-00C04F79EFBC}") = "soruCevapProje", "soruCevapProje\soruCevapProje.csproj", "{6BB16EF1-5C53-427E-A639-55F9165D3FEF}"
EndProject
Global
	GlobalSection(SolutionConfigurationPlatforms) = preSolution
		Debug|Any CPU = Debug|Any CPU
		Release|Any CPU = Release|Any CPU
	EndGlobalSection
	GlobalSection(ProjectConfigurationPlatforms) = postSolution
		{6BB16EF1-5C53-427E-A639-55F9165D3FEF}.Debug|Any CPU.ActiveCfg = Debug|Any CPU
		{6BB16EF1-5C53-427E-A639-55F9165D3FEF}.Debug|Any CPU.Build.0 = Debug|Any CPU
		{6BB16EF1-5C53-427E-A639-55F9165D3FEF}.Release|Any CPU.ActiveCfg = Release|Any CPU
		{6BB16EF1-5C53-427E-A639-55F9165D3FEF}.Release|Any CPU.Build.0 = Release|Any CPU
	EndGlobalSection
	GlobalSection(SolutionProperties) = preSolution
		HideSolutionNode = FALSE
	EndGlobalSection
	GlobalSection(ExtensibilityGlobals) = postSolution
		SolutionGuid = {022F927C-B386-4339-A42B-D1EAB08BC06C}
	EndGlobalSection
EndGlobal
